
Microsoft Visual Studio Solution File, Format Version 12.00
# Visual Studio Version 16
VisualStudioVersion = 16.0.29613.14
MinimumVisualStudioVersion = 10.0.40219.1
Project("{FAE04EC0-301F-11D3-BF4B-00C04F79EFBC}") = "CleanFiles.Tools", "CleanFiles.Tools\CleanFiles.Tools.csproj", "{79A30338-332A-44C1-A5AD-30DAFB49A503}"
EndProject
Project("{FAE04EC0-301F-11D3-BF4B-00C04F79EFBC}") = "CleanFiles.Api", "CleanFiles.Api\CleanFiles.Api.csproj", "{F17DD319-CF68-41B3-BB95-2D5F175FF4BE}"
EndProject
Global
	GlobalSection(SolutionConfigurationPlatforms) = preSolution
		Debug|Any CPU = Debug|Any CPU
		Release|Any CPU = Release|Any CPU
	EndGlobalSection
	GlobalSection(ProjectConfigurationPlatforms) = postSolution
		{79A30338-332A-44C1-A5AD-30DAFB49A503}.Debug|Any CPU.ActiveCfg = Debug|Any CPU
		{79A30338-332A-44C1-A5AD-30DAFB49A503}.Debug|Any CPU.Build.0 = Debug|Any CPU
		{79A30338-332A-44C1-A5AD-30DAFB49A503}.Release|Any CPU.ActiveCfg = Release|Any CPU
		{79A30338-332A-44C1-A5AD-30DAFB49A503}.Release|Any CPU.Build.0 = Release|Any CPU
		{F17DD319-CF68-41B3-BB95-2D5F175FF4BE}.Debug|Any CPU.ActiveCfg = Debug|Any CPU
		{F17DD319-CF68-41B3-BB95-2D5F175FF4BE}.Debug|Any CPU.Build.0 = Debug|Any CPU
		{F17DD319-CF68-41B3-BB95-2D5F175FF4BE}.Release|Any CPU.ActiveCfg = Release|Any CPU
		{F17DD319-CF68-41B3-BB95-2D5F175FF4BE}.Release|Any CPU.Build.0 = Release|Any CPU
	EndGlobalSection
	GlobalSection(SolutionProperties) = preSolution
		HideSolutionNode = FALSE
	EndGlobalSection
	GlobalSection(ExtensibilityGlobals) = postSolution
		SolutionGuid = {AE632DC7-9C70-4A2E-9CA3-FC57E02AB708}
	EndGlobalSection
EndGlobal
